{
  "name": "employee-tracker",
  "version": "1.0.0",
  "lockfileVersion": 2,
  "requires": true,
  "packages": {
    "": {
      "name": "employee-tracker",
      "version": "1.0.0",
      "license": "ISC",
      "dependencies": {
        "ansi-escapes": "^4.3.2",
        "ansi-regex": "^5.0.1",
        "ansi-styles": "^4.3.0",
        "base64-js": "^1.5.1",
        "bl": "^4.1.0",
        "buffer": "^5.7.1",
        "chalk": "^4.1.2",
        "chardet": "^0.7.0",
        "cli-cursor": "^3.1.0",
        "cli-spinners": "^2.6.1",
        "cli-width": "^3.0.0",
        "clone": "^1.0.4",
        "color-convert": "^2.0.1",
        "console.table": "^0.10.0",
        "denque": "^2.0.1",
        "emoji-regex": "^8.0.0",
        "escape-string-regexp": "^1.0.5",
        "external-editor": "^3.1.0",
        "figures": "^3.2.0",
        "generate-function": "^2.3.1",
        "iconv-lite": "^0.6.3",
        "ieee754": "^1.2.1",
        "inquirer": "^8.2.0",
        "is-fullwidth-code-point": "^3.0.0",
        "is-property": "^1.0.2",
        "is-unicode-supported": "^0.1.0",
        "log-symbols": "^4.1.0",
        "long": "^4.0.0",
        "lru-cache": "^6.0.0",
        "mysql2": "^2.3.3",
        "named-placeholders": "^1.1.2",
        "onetime": "^5.1.2",
        "ora": "^5.4.1",
        "pseudomap": "^1.0.2",
        "readable-stream": "^3.6.0",
        "restore-cursor": "^3.1.0",
        "rxjs": "^7.5.2",
        "safe-buffer": "^5.2.1",
        "safer-buffer": "^2.1.2",
        "seq-queue": "^0.0.5",
        "signal-exit": "^3.0.6",
        "sqlstring": "^2.3.2",
        "string_decoder": "^1.3.0",
        "string-width": "^4.2.3",
        "strip-ansi": "^6.0.1",
        "supports-color": "^7.2.0",
        "through": "^2.3.8",
        "tmp": "^0.0.33",
        "tslib": "^2.3.1",
        "type-fest": "^0.21.3",
        "wcwidth": "^1.0.1",
        "yallist": "^4.0.0"
      }
    },
    "node_modules/ansi-escapes": {
      "version": "4.3.2",
      "license": "MIT",
      "dependencies": {
        "type-fest": "^0.21.3"
      },
      "engines": {
        "node": ">=8"
      },
      "funding": {
        "url": "https://github.com/sponsors/sindresorhus"
      }
    },
    "node_modules/ansi-regex": {
      "version": "5.0.1",
      "license": "MIT",
      "engines": {
        "node": ">=8"
      }
    },
    "node_modules/ansi-styles": {
      "version": "4.3.0",
      "license": "MIT",
      "dependencies": {
        "color-convert": "^2.0.1"
      },
      "engines": {
        "node": ">=8"
      },
      "funding": {
        "url": "https://github.com/chalk/ansi-styles?sponsor=1"
      }
    },
    "node_modules/base64-js": {
      "version": "1.5.1",
      "funding": [
        {
          "type": "github",
          "url": "https://github.com/sponsors/feross"
        },
        {
          "type": "patreon",
          "url": "https://www.patreon.com/feross"
        },
        {
          "type": "consulting",
          "url": "https://feross.org/support"
        }
      ],
      "license": "MIT"
    },
    "node_modules/bl": {
      "version": "4.1.0",
      "license": "MIT",
      "dependencies": {
        "buffer": "^5.5.0",
        "inherits": "^2.0.4",
        "readable-stream": "^3.4.0"
      }
    },
    "node_modules/buffer": {
      "version": "5.7.1",
      "funding": [
        {
          "type": "github",
          "url": "https://github.com/sponsors/feross"
        },
        {
          "type": "patreon",
          "url": "https://www.patreon.com/feross"
        },
        {
          "type": "consulting",
          "url": "https://feross.org/support"
        }
      ],
      "license": "MIT",
      "dependencies": {
        "base64-js": "^1.3.1",
        "ieee754": "^1.1.13"
      }
    },
    "node_modules/chalk": {
      "version": "4.1.2",
      "license": "MIT",
      "dependencies": {
        "ansi-styles": "^4.1.0",
        "supports-color": "^7.1.0"
      },
      "engines": {
        "node": ">=10"
      },
      "funding": {
        "url": "https://github.com/chalk/chalk?sponsor=1"
      }
    },
    "node_modules/chardet": {
      "version": "0.7.0",
      "license": "MIT"
    },
    "node_modules/cli-cursor": {
      "version": "3.1.0",
      "license": "MIT",
      "dependencies": {
        "restore-cursor": "^3.1.0"
      },
      "engines": {
        "node": ">=8"
      }
    },
    "node_modules/cli-spinners": {
      "version": "2.6.1",
      "license": "MIT",
      "engines": {
        "node": ">=6"
      },
      "funding": {
        "url": "https://github.com/sponsors/sindresorhus"
      }
    },
    "node_modules/cli-width": {
      "version": "3.0.0",
      "license": "ISC",
      "engines": {
        "node": ">= 10"
      }
    },
    "node_modules/clone": {
      "version": "1.0.4",
      "license": "MIT",
      "engines": {
        "node": ">=0.8"
      }
    },
    "node_modules/color-convert": {
      "version": "2.0.1",
      "license": "MIT",
      "dependencies": {
        "color-name": "~1.1.4"
      },
      "engines": {
        "node": ">=7.0.0"
      }
    },
    "node_modules/color-name": {},
    "node_modules/console.table": {
      "version": "0.10.0",
      "resolved": "https://registry.npmjs.org/console.table/-/console.table-0.10.0.tgz",
      "integrity": "sha1-CRcCVYiHW+/XDPLv9L7yxuLXXQQ=",
      "dependencies": {
        "easy-table": "1.1.0"
      },
      "engines": {
        "node": "> 0.10"
      }
    },
    "node_modules/defaults": {},
    "node_modules/denque": {
      "version": "2.0.1",
      "license": "Apache-2.0",
      "engines": {
        "node": ">=0.10"
      }
    },
    "node_modules/easy-table": {
      "version": "1.1.0",
      "resolved": "https://registry.npmjs.org/easy-table/-/easy-table-1.1.0.tgz",
      "integrity": "sha1-hvmrTBAvA3G3KXuSplHVgkvIy3M=",
      "optionalDependencies": {
        "wcwidth": ">=1.0.1"
      }
    },
    "node_modules/emoji-regex": {
      "version": "8.0.0",
      "license": "MIT"
    },
    "node_modules/escape-string-regexp": {
      "version": "1.0.5",
      "license": "MIT",
      "engines": {
        "node": ">=0.8.0"
      }
    },
    "node_modules/external-editor": {
      "version": "3.1.0",
      "license": "MIT",
      "dependencies": {
        "chardet": "^0.7.0",
        "iconv-lite": "^0.4.24",
        "tmp": "^0.0.33"
      },
      "engines": {
        "node": ">=4"
      }
    },
    "node_modules/external-editor/node_modules/iconv-lite": {
      "version": "0.4.24",
      "license": "MIT",
      "dependencies": {
        "safer-buffer": ">= 2.1.2 < 3"
      },
      "engines": {
        "node": ">=0.10.0"
      }
    },
    "node_modules/figures": {
      "version": "3.2.0",
      "license": "MIT",
      "dependencies": {
        "escape-string-regexp": "^1.0.5"
      },
      "engines": {
        "node": ">=8"
      },
      "funding": {
        "url": "https://github.com/sponsors/sindresorhus"
      }
    },
    "node_modules/generate-function": {
      "version": "2.3.1",
      "license": "MIT",
      "dependencies": {
        "is-property": "^1.0.2"
      }
    },
    "node_modules/has-flag": {},
    "node_modules/iconv-lite": {
      "version": "0.6.3",
      "license": "MIT",
      "dependencies": {
        "safer-buffer": ">= 2.1.2 < 3.0.0"
      },
      "engines": {
        "node": ">=0.10.0"
      }
    },
    "node_modules/ieee754": {
      "version": "1.2.1",
      "funding": [
        {
          "type": "github",
          "url": "https://github.com/sponsors/feross"
        },
        {
          "type": "patreon",
          "url": "https://www.patreon.com/feross"
        },
        {
          "type": "consulting",
          "url": "https://feross.org/support"
        }
      ],
      "license": "BSD-3-Clause"
    },
    "node_modules/inherits": {},
    "node_modules/inquirer": {
      "version": "8.2.0",
      "resolved": "https://registry.npmjs.org/inquirer/-/inquirer-8.2.0.tgz",
      "integrity": "sha512-0crLweprevJ02tTuA6ThpoAERAGyVILC4sS74uib58Xf/zSr1/ZWtmm7D5CI+bSQEaA04f0K7idaHpQbSWgiVQ==",
      "dependencies": {
        "ansi-escapes": "^4.2.1",
        "chalk": "^4.1.1",
        "cli-cursor": "^3.1.0",
        "cli-width": "^3.0.0",
        "external-editor": "^3.0.3",
        "figures": "^3.0.0",
        "lodash": "^4.17.21",
        "mute-stream": "0.0.8",
        "ora": "^5.4.1",
        "run-async": "^2.4.0",
        "rxjs": "^7.2.0",
        "string-width": "^4.1.0",
        "strip-ansi": "^6.0.0",
        "through": "^2.3.6"
      },
      "engines": {
        "node": ">=8.0.0"
      }
    },
    "node_modules/is-fullwidth-code-point": {
      "version": "3.0.0",
      "license": "MIT",
      "engines": {
        "node": ">=8"
      }
    },
    "node_modules/is-interactive": {},
    "node_modules/is-property": {
      "version": "1.0.2",
      "license": "MIT"
    },
    "node_modules/is-unicode-supported": {
      "version": "0.1.0",
      "license": "MIT",
      "engines": {
        "node": ">=10"
      },
      "funding": {
        "url": "https://github.com/sponsors/sindresorhus"
      }
    },
    "node_modules/lodash": {
      "version": "4.17.21",
      "resolved": "https://registry.npmjs.org/lodash/-/lodash-4.17.21.tgz",
      "integrity": "sha512-v2kDEe57lecTulaDIuNTPy3Ry4gLGJ6Z1O3vE1krgXZNrsQ+LFTGHVxVjcXPs17LhbZVGedAJv8XZ1tvj5FvSg=="
    },
    "node_modules/log-symbols": {
      "version": "4.1.0",
      "license": "MIT",
      "dependencies": {
        "chalk": "^4.1.0",
        "is-unicode-supported": "^0.1.0"
      },
      "engines": {
        "node": ">=10"
      },
      "funding": {
        "url": "https://github.com/sponsors/sindresorhus"
      }
    },
    "node_modules/long": {
      "version": "4.0.0",
      "license": "Apache-2.0"
    },
    "node_modules/lru-cache": {
      "version": "6.0.0",
      "license": "ISC",
      "dependencies": {
        "yallist": "^4.0.0"
      },
      "engines": {
        "node": ">=10"
      }
    },
    "node_modules/mimic-fn": {},
    "node_modules/mute-stream": {
      "version": "0.0.8",
      "resolved": "https://registry.npmjs.org/mute-stream/-/mute-stream-0.0.8.tgz",
      "integrity": "sha512-nnbWWOkoWyUsTjKrhgD0dcz22mdkSnpYqbEjIm2nhwhuxlSkpywJmBo8h0ZqJdkp73mb90SssHkN4rsRaBAfAA=="
    },
    "node_modules/mysql2": {
      "version": "2.3.3",
      "resolved": "https://registry.npmjs.org/mysql2/-/mysql2-2.3.3.tgz",
      "integrity": "sha512-wxJUev6LgMSgACDkb/InIFxDprRa6T95+VEoR+xPvtngtccNH2dGjEB/fVZ8yg1gWv1510c9CvXuJHi5zUm0ZA==",
      "dependencies": {
        "denque": "^2.0.1",
        "generate-function": "^2.3.1",
        "iconv-lite": "^0.6.3",
        "long": "^4.0.0",
        "lru-cache": "^6.0.0",
        "named-placeholders": "^1.1.2",
        "seq-queue": "^0.0.5",
        "sqlstring": "^2.3.2"
      },
      "engines": {
        "node": ">= 8.0"
      }
    },
    "node_modules/named-placeholders": {
      "version": "1.1.2",
      "license": "MIT",
      "dependencies": {
        "lru-cache": "^4.1.3"
      },
      "engines": {
        "node": ">=6.0.0"
      }
    },
    "node_modules/named-placeholders/node_modules/lru-cache": {
      "version": "4.1.5",
      "license": "ISC",
      "dependencies": {
        "pseudomap": "^1.0.2",
        "yallist": "^2.1.2"
      }
    },
    "node_modules/named-placeholders/node_modules/yallist": {
      "version": "2.1.2",
      "license": "ISC"
    },
    "node_modules/onetime": {
      "version": "5.1.2",
      "license": "MIT",
      "dependencies": {
        "mimic-fn": "^2.1.0"
      },
      "engines": {
        "node": ">=6"
      },
      "funding": {
        "url": "https://github.com/sponsors/sindresorhus"
      }
    },
    "node_modules/ora": {
      "version": "5.4.1",
      "license": "MIT",
      "dependencies": {
        "bl": "^4.1.0",
        "chalk": "^4.1.0",
        "cli-cursor": "^3.1.0",
        "cli-spinners": "^2.5.0",
        "is-interactive": "^1.0.0",
        "is-unicode-supported": "^0.1.0",
        "log-symbols": "^4.1.0",
        "strip-ansi": "^6.0.0",
        "wcwidth": "^1.0.1"
      },
      "engines": {
        "node": ">=10"
      },
      "funding": {
        "url": "https://github.com/sponsors/sindresorhus"
      }
    },
    "node_modules/os-tmpdir": {},
    "node_modules/pseudomap": {
      "version": "1.0.2",
      "license": "ISC"
    },
    "node_modules/readable-stream": {
      "version": "3.6.0",
      "license": "MIT",
      "dependencies": {
        "inherits": "^2.0.3",
        "string_decoder": "^1.1.1",
        "util-deprecate": "^1.0.1"
      },
      "engines": {
        "node": ">= 6"
      }
    },
    "node_modules/restore-cursor": {
      "version": "3.1.0",
      "license": "MIT",
      "dependencies": {
        "onetime": "^5.1.0",
        "signal-exit": "^3.0.2"
      },
      "engines": {
        "node": ">=8"
      }
    },
    "node_modules/run-async": {
      "version": "2.4.1",
      "resolved": "https://registry.npmjs.org/run-async/-/run-async-2.4.1.tgz",
      "integrity": "sha512-tvVnVv01b8c1RrA6Ep7JkStj85Guv/YrMcwqYQnwjsAS2cTmmPGBBjAjpCW7RrSodNSoE2/qg9O4bceNvUuDgQ==",
      "engines": {
        "node": ">=0.12.0"
      }
    },
    "node_modules/rxjs": {
      "version": "7.5.2",
      "license": "Apache-2.0",
      "dependencies": {
        "tslib": "^2.1.0"
      }
    },
    "node_modules/safe-buffer": {
      "version": "5.2.1",
      "funding": [
        {
          "type": "github",
          "url": "https://github.com/sponsors/feross"
        },
        {
          "type": "patreon",
          "url": "https://www.patreon.com/feross"
        },
        {
          "type": "consulting",
          "url": "https://feross.org/support"
        }
      ],
      "license": "MIT"
    },
    "node_modules/safer-buffer": {
      "version": "2.1.2",
      "license": "MIT"
    },
    "node_modules/seq-queue": {
      "version": "0.0.5"
    },
    "node_modules/signal-exit": {
      "version": "3.0.6",
      "license": "ISC"
    },
    "node_modules/sqlstring": {
      "version": "2.3.2",
      "license": "MIT",
      "engines": {
        "node": ">= 0.6"
      }
    },
    "node_modules/string_decoder": {
      "version": "1.3.0",
      "license": "MIT",
      "dependencies": {
        "safe-buffer": "~5.2.0"
      }
    },
    "node_modules/string-width": {
      "version": "4.2.3",
      "license": "MIT",
      "dependencies": {
        "emoji-regex": "^8.0.0",
        "is-fullwidth-code-point": "^3.0.0",
        "strip-ansi": "^6.0.1"
      },
      "engines": {
        "node": ">=8"
      }
    },
    "node_modules/strip-ansi": {
      "version": "6.0.1",
      "license": "MIT",
      "dependencies": {
        "ansi-regex": "^5.0.1"
      },
      "engines": {
        "node": ">=8"
      }
    },
    "node_modules/supports-color": {
      "version": "7.2.0",
      "license": "MIT",
      "dependencies": {
        "has-flag": "^4.0.0"
      },
      "engines": {
        "node": ">=8"
      }
    },
    "node_modules/through": {
      "version": "2.3.8",
      "license": "MIT"
    },
    "node_modules/tmp": {
      "version": "0.0.33",
      "license": "MIT",
      "dependencies": {
        "os-tmpdir": "~1.0.2"
      },
      "engines": {
        "node": ">=0.6.0"
      }
    },
    "node_modules/tslib": {
      "version": "2.3.1",
      "license": "0BSD"
    },
    "node_modules/type-fest": {
      "version": "0.21.3",
      "license": "(MIT OR CC0-1.0)",
      "engines": {
        "node": ">=10"
      },
      "funding": {
        "url": "https://github.com/sponsors/sindresorhus"
      }
    },
    "node_modules/util-deprecate": {},
    "node_modules/wcwidth": {
      "version": "1.0.1",
      "license": "MIT",
      "dependencies": {
        "defaults": "^1.0.3"
      }
    },
    "node_modules/yallist": {
      "version": "4.0.0",
      "license": "ISC"
    }
  },
  "dependencies": {
    "ansi-escapes": {
      "version": "4.3.2",
      "requires": {
        "type-fest": "^0.21.3"
      }
    },
    "ansi-regex": {
      "version": "5.0.1"
    },
    "ansi-styles": {
      "version": "4.3.0",
      "requires": {
        "color-convert": "^2.0.1"
      }
    },
    "base64-js": {
      "version": "1.5.1"
    },
    "bl": {
      "version": "4.1.0",
      "requires": {
        "buffer": "^5.5.0",
        "inherits": "^2.0.4",
        "readable-stream": "^3.4.0"
      }
    },
    "buffer": {
      "version": "5.7.1",
      "requires": {
        "base64-js": "^1.3.1",
        "ieee754": "^1.1.13"
      }
    },
    "chalk": {
      "version": "4.1.2",
      "requires": {
        "ansi-styles": "^4.1.0",
        "supports-color": "^7.1.0"
      }
    },
    "chardet": {
      "version": "0.7.0"
    },
    "cli-cursor": {
      "version": "3.1.0",
      "requires": {
        "restore-cursor": "^3.1.0"
      }
    },
    "cli-spinners": {
      "version": "2.6.1"
    },
    "cli-width": {
      "version": "3.0.0"
    },
    "clone": {
      "version": "1.0.4"
    },
    "color-convert": {
      "version": "2.0.1",
      "requires": {
        "color-name": "~1.1.4"
      }
    },
    "color-name": {},
    "console.table": {
      "version": "0.10.0",
      "resolved": "https://registry.npmjs.org/console.table/-/console.table-0.10.0.tgz",
      "integrity": "sha1-CRcCVYiHW+/XDPLv9L7yxuLXXQQ=",
      "requires": {
        "easy-table": "1.1.0"
      }
    },
    "defaults": {},
    "denque": {
      "version": "2.0.1"
    },
    "easy-table": {
      "version": "1.1.0",
      "resolved": "https://registry.npmjs.org/easy-table/-/easy-table-1.1.0.tgz",
      "integrity": "sha1-hvmrTBAvA3G3KXuSplHVgkvIy3M=",
      "requires": {
        "wcwidth": ">=1.0.1"
      }
    },
    "emoji-regex": {
      "version": "8.0.0"
    },
    "escape-string-regexp": {
      "version": "1.0.5"
    },
    "external-editor": {
      "version": "3.1.0",
      "requires": {
        "chardet": "^0.7.0",
        "iconv-lite": "^0.4.24",
        "tmp": "^0.0.33"
      },
      "dependencies": {
        "iconv-lite": {
          "version": "0.4.24",
          "requires": {
            "safer-buffer": ">= 2.1.2 < 3"
          }
        }
      }
    },
    "figures": {
      "version": "3.2.0",
      "requires": {
        "escape-string-regexp": "^1.0.5"
      }
    },
    "generate-function": {
      "version": "2.3.1",
      "requires": {
        "is-property": "^1.0.2"
      }
    },
    "has-flag": {},
    "iconv-lite": {
      "version": "0.6.3",
      "requires": {
        "safer-buffer": ">= 2.1.2 < 3.0.0"
      }
    },
    "ieee754": {
      "version": "1.2.1"
    },
    "inherits": {},
    "inquirer": {
      "version": "8.2.0",
      "resolved": "https://registry.npmjs.org/inquirer/-/inquirer-8.2.0.tgz",
      "integrity": "sha512-0crLweprevJ02tTuA6ThpoAERAGyVILC4sS74uib58Xf/zSr1/ZWtmm7D5CI+bSQEaA04f0K7idaHpQbSWgiVQ==",
      "requires": {
        "ansi-escapes": "^4.2.1",
        "chalk": "^4.1.1",
        "cli-cursor": "^3.1.0",
        "cli-width": "^3.0.0",
        "external-editor": "^3.0.3",
        "figures": "^3.0.0",
        "lodash": "^4.17.21",
        "mute-stream": "0.0.8",
        "ora": "^5.4.1",
        "run-async": "^2.4.0",
        "rxjs": "^7.2.0",
        "string-width": "^4.1.0",
        "strip-ansi": "^6.0.0",
        "through": "^2.3.6"
      }
    },
    "is-fullwidth-code-point": {
      "version": "3.0.0"
    },
    "is-interactive": {},
    "is-property": {
      "version": "1.0.2"
    },
    "is-unicode-supported": {
      "version": "0.1.0"
    },
    "lodash": {
      "version": "4.17.21",
      "resolved": "https://registry.npmjs.org/lodash/-/lodash-4.17.21.tgz",
      "integrity": "sha512-v2kDEe57lecTulaDIuNTPy3Ry4gLGJ6Z1O3vE1krgXZNrsQ+LFTGHVxVjcXPs17LhbZVGedAJv8XZ1tvj5FvSg=="
    },
    "log-symbols": {
      "version": "4.1.0",
      "requires": {
        "chalk": "^4.1.0",
        "is-unicode-supported": "^0.1.0"
      }
    },
    "long": {
      "version": "4.0.0"
    },
    "lru-cache": {
      "version": "6.0.0",
      "requires": {
        "yallist": "^4.0.0"
      }
    },
    "mimic-fn": {},
    "mute-stream": {
      "version": "0.0.8",
      "resolved": "https://registry.npmjs.org/mute-stream/-/mute-stream-0.0.8.tgz",
      "integrity": "sha512-nnbWWOkoWyUsTjKrhgD0dcz22mdkSnpYqbEjIm2nhwhuxlSkpywJmBo8h0ZqJdkp73mb90SssHkN4rsRaBAfAA=="
    },
    "mysql2": {
      "version": "2.3.3",
      "resolved": "https://registry.npmjs.org/mysql2/-/mysql2-2.3.3.tgz",
      "integrity": "sha512-wxJUev6LgMSgACDkb/InIFxDprRa6T95+VEoR+xPvtngtccNH2dGjEB/fVZ8yg1gWv1510c9CvXuJHi5zUm0ZA==",
      "requires": {
        "denque": "^2.0.1",
        "generate-function": "^2.3.1",
        "iconv-lite": "^0.6.3",
        "long": "^4.0.0",
        "lru-cache": "^6.0.0",
        "named-placeholders": "^1.1.2",
        "seq-queue": "^0.0.5",
        "sqlstring": "^2.3.2"
      }
    },
    "named-placeholders": {
      "version": "1.1.2",
      "requires": {
        "lru-cache": "^4.1.3"
      },
      "dependencies": {
        "lru-cache": {
          "version": "4.1.5",
          "requires": {
            "pseudomap": "^1.0.2",
            "yallist": "^2.1.2"
          }
        },
        "yallist": {
          "version": "2.1.2"
        }
      }
    },
    "onetime": {
      "version": "5.1.2",
      "requires": {
        "mimic-fn": "^2.1.0"
      }
    },
    "ora": {
      "version": "5.4.1",
      "requires": {
        "bl": "^4.1.0",
        "chalk": "^4.1.0",
        "cli-cursor": "^3.1.0",
        "cli-spinners": "^2.5.0",
        "is-interactive": "^1.0.0",
        "is-unicode-supported": "^0.1.0",
        "log-symbols": "^4.1.0",
        "strip-ansi": "^6.0.0",
        "wcwidth": "^1.0.1"
      }
    },
    "os-tmpdir": {},
    "pseudomap": {
      "version": "1.0.2"
    },
    "readable-stream": {
      "version": "3.6.0",
      "requires": {
        "inherits": "^2.0.3",
        "string_decoder": "^1.1.1",
        "util-deprecate": "^1.0.1"
      }
    },
    "restore-cursor": {
      "version": "3.1.0",
      "requires": {
        "onetime": "^5.1.0",
        "signal-exit": "^3.0.2"
      }
    },
    "run-async": {
      "version": "2.4.1",
      "resolved": "https://registry.npmjs.org/run-async/-/run-async-2.4.1.tgz",
      "integrity": "sha512-tvVnVv01b8c1RrA6Ep7JkStj85Guv/YrMcwqYQnwjsAS2cTmmPGBBjAjpCW7RrSodNSoE2/qg9O4bceNvUuDgQ=="
    },
    "rxjs": {
      "version": "7.5.2",
      "requires": {
        "tslib": "^2.1.0"
      }
    },
    "safe-buffer": {
      "version": "5.2.1"
    },
    "safer-buffer": {
      "version": "2.1.2"
    },
    "seq-queue": {
      "version": "0.0.5"
    },
    "signal-exit": {
      "version": "3.0.6"
    },
    "sqlstring": {
      "version": "2.3.2"
    },
    "string_decoder": {
      "version": "1.3.0",
      "requires": {
        "safe-buffer": "~5.2.0"
      }
    },
    "string-width": {
      "version": "4.2.3",
      "requires": {
        "emoji-regex": "^8.0.0",
        "is-fullwidth-code-point": "^3.0.0",
        "strip-ansi": "^6.0.1"
      }
    },
    "strip-ansi": {
      "version": "6.0.1",
      "requires": {
        "ansi-regex": "^5.0.1"
      }
    },
    "supports-color": {
      "version": "7.2.0",
      "requires": {
        "has-flag": "^4.0.0"
      }
    },
    "through": {
      "version": "2.3.8"
    },
    "tmp": {
      "version": "0.0.33",
      "requires": {
        "os-tmpdir": "~1.0.2"
      }
    },
    "tslib": {
      "version": "2.3.1"
    },
    "type-fest": {
      "version": "0.21.3"
    },
    "util-deprecate": {},
    "wcwidth": {
      "version": "1.0.1",
      "requires": {
        "defaults": "^1.0.3"
      }
    },
    "yallist": {
      "version": "4.0.0"
    }
  }
}
